
Microsoft Visual Studio Solution File, Format Version 12.00
# Visual Studio 15
VisualStudioVersion = 15.0.28307.489
MinimumVisualStudioVersion = 10.0.40219.1
Project("{9A19103F-16F7-4668-BE54-9A1E7A4F7556}") = "DFC.GeoCoding.Standard", "DFC.GeoCoding.Standard\DFC.GeoCoding.Standard.csproj", "{EDF19A54-BA12-407C-BCF6-1FEE41A0DED0}"
EndProject
Global
	GlobalSection(SolutionConfigurationPlatforms) = preSolution
		Debug|Any CPU = Debug|Any CPU
		Release|Any CPU = Release|Any CPU
	EndGlobalSection
	GlobalSection(ProjectConfigurationPlatforms) = postSolution
		{EDF19A54-BA12-407C-BCF6-1FEE41A0DED0}.Debug|Any CPU.ActiveCfg = Debug|Any CPU
		{EDF19A54-BA12-407C-BCF6-1FEE41A0DED0}.Debug|Any CPU.Build.0 = Debug|Any CPU
		{EDF19A54-BA12-407C-BCF6-1FEE41A0DED0}.Release|Any CPU.ActiveCfg = Release|Any CPU
		{EDF19A54-BA12-407C-BCF6-1FEE41A0DED0}.Release|Any CPU.Build.0 = Release|Any CPU
	EndGlobalSection
	GlobalSection(SolutionProperties) = preSolution
		HideSolutionNode = FALSE
	EndGlobalSection
	GlobalSection(ExtensibilityGlobals) = postSolution
		SolutionGuid = {DE96D5AC-C449-4BAB-AEC5-542F5EB2421B}
	EndGlobalSection
EndGlobal
